
Microsoft Visual Studio Solution File, Format Version 12.00
# Visual Studio Version 17
VisualStudioVersion = 17.12.35527.113
MinimumVisualStudioVersion = 10.0.40219.1
Project("{FAE04EC0-301F-11D3-BF4B-00C04F79EFBC}") = "ConsoleApp", "ConsoleApp\ConsoleApp.csproj", "{347F212C-09CF-43F6-B9D5-311B7E907CB0}"
EndProject
Project("{FAE04EC0-301F-11D3-BF4B-00C04F79EFBC}") = "ConsoleAppTest", "ConsoleAppTest\ConsoleAppTest.csproj", "{C46F6595-E141-47F4-81C9-8EFA3ED55493}"
EndProject
Global
	GlobalSection(SolutionConfigurationPlatforms) = preSolution
		Debug|Any CPU = Debug|Any CPU
		Release|Any CPU = Release|Any CPU
	EndGlobalSection
	GlobalSection(ProjectConfigurationPlatforms) = postSolution
		{347F212C-09CF-43F6-B9D5-311B7E907CB0}.Debug|Any CPU.ActiveCfg = Debug|Any CPU
		{347F212C-09CF-43F6-B9D5-311B7E907CB0}.Debug|Any CPU.Build.0 = Debug|Any CPU
		{347F212C-09CF-43F6-B9D5-311B7E907CB0}.Release|Any CPU.ActiveCfg = Release|Any CPU
		{347F212C-09CF-43F6-B9D5-311B7E907CB0}.Release|Any CPU.Build.0 = Release|Any CPU
		{C46F6595-E141-47F4-81C9-8EFA3ED55493}.Debug|Any CPU.ActiveCfg = Debug|Any CPU
		{C46F6595-E141-47F4-81C9-8EFA3ED55493}.Debug|Any CPU.Build.0 = Debug|Any CPU
		{C46F6595-E141-47F4-81C9-8EFA3ED55493}.Release|Any CPU.ActiveCfg = Release|Any CPU
		{C46F6595-E141-47F4-81C9-8EFA3ED55493}.Release|Any CPU.Build.0 = Release|Any CPU
	EndGlobalSection
	GlobalSection(SolutionProperties) = preSolution
		HideSolutionNode = FALSE
	EndGlobalSection
	GlobalSection(ExtensibilityGlobals) = postSolution
		SolutionGuid = {5E1C2DD3-EF92-49CF-AF66-782F8734F44C}
	EndGlobalSection
EndGlobal
